
Microsoft Visual Studio Solution File, Format Version 12.00
# Visual Studio 2012
Project("{FAE04EC0-301F-11D3-BF4B-00C04F79EFBC}") = "ScrollVIew", "ScrollVIew\ScrollVIew.csproj", "{5DF776E2-51A8-4C1C-B258-17CB5FF79134}"
EndProject
Project("{FAE04EC0-301F-11D3-BF4B-00C04F79EFBC}") = "Demo", "Demo\Demo.csproj", "{0519C1F4-D6E2-451F-8DDD-3DFCC77B34DE}"
EndProject
Global
	GlobalSection(SolutionConfigurationPlatforms) = preSolution
		Debug|iPhoneSimulator = Debug|iPhoneSimulator
		Release|iPhoneSimulator = Release|iPhoneSimulator
		Debug|iPhone = Debug|iPhone
		Release|iPhone = Release|iPhone
		Ad-Hoc|iPhone = Ad-Hoc|iPhone
		AppStore|iPhone = AppStore|iPhone
	EndGlobalSection
	GlobalSection(ProjectConfigurationPlatforms) = postSolution
		{0519C1F4-D6E2-451F-8DDD-3DFCC77B34DE}.Ad-Hoc|iPhone.ActiveCfg = Ad-Hoc|iPhone
		{0519C1F4-D6E2-451F-8DDD-3DFCC77B34DE}.Ad-Hoc|iPhone.Build.0 = Ad-Hoc|iPhone
		{0519C1F4-D6E2-451F-8DDD-3DFCC77B34DE}.AppStore|iPhone.ActiveCfg = AppStore|iPhone
		{0519C1F4-D6E2-451F-8DDD-3DFCC77B34DE}.AppStore|iPhone.Build.0 = AppStore|iPhone
		{0519C1F4-D6E2-451F-8DDD-3DFCC77B34DE}.Debug|iPhone.ActiveCfg = Debug|iPhone
		{0519C1F4-D6E2-451F-8DDD-3DFCC77B34DE}.Debug|iPhone.Build.0 = Debug|iPhone
		{0519C1F4-D6E2-451F-8DDD-3DFCC77B34DE}.Debug|iPhoneSimulator.ActiveCfg = Debug|iPhoneSimulator
		{0519C1F4-D6E2-451F-8DDD-3DFCC77B34DE}.Debug|iPhoneSimulator.Build.0 = Debug|iPhoneSimulator
		{0519C1F4-D6E2-451F-8DDD-3DFCC77B34DE}.Release|iPhone.ActiveCfg = Release|iPhone
		{0519C1F4-D6E2-451F-8DDD-3DFCC77B34DE}.Release|iPhone.Build.0 = Release|iPhone
		{0519C1F4-D6E2-451F-8DDD-3DFCC77B34DE}.Release|iPhoneSimulator.ActiveCfg = Release|iPhoneSimulator
		{0519C1F4-D6E2-451F-8DDD-3DFCC77B34DE}.Release|iPhoneSimulator.Build.0 = Release|iPhoneSimulator
		{5DF776E2-51A8-4C1C-B258-17CB5FF79134}.Ad-Hoc|iPhone.ActiveCfg = Release|Any CPU
		{5DF776E2-51A8-4C1C-B258-17CB5FF79134}.Ad-Hoc|iPhone.Build.0 = Release|Any CPU
		{5DF776E2-51A8-4C1C-B258-17CB5FF79134}.AppStore|iPhone.ActiveCfg = Release|Any CPU
		{5DF776E2-51A8-4C1C-B258-17CB5FF79134}.AppStore|iPhone.Build.0 = Release|Any CPU
		{5DF776E2-51A8-4C1C-B258-17CB5FF79134}.Debug|iPhone.ActiveCfg = Debug|Any CPU
		{5DF776E2-51A8-4C1C-B258-17CB5FF79134}.Debug|iPhone.Build.0 = Debug|Any CPU
		{5DF776E2-51A8-4C1C-B258-17CB5FF79134}.Debug|iPhoneSimulator.ActiveCfg = Debug|Any CPU
		{5DF776E2-51A8-4C1C-B258-17CB5FF79134}.Debug|iPhoneSimulator.Build.0 = Debug|Any CPU
		{5DF776E2-51A8-4C1C-B258-17CB5FF79134}.Release|iPhone.ActiveCfg = Release|Any CPU
		{5DF776E2-51A8-4C1C-B258-17CB5FF79134}.Release|iPhone.Build.0 = Release|Any CPU
		{5DF776E2-51A8-4C1C-B258-17CB5FF79134}.Release|iPhoneSimulator.ActiveCfg = Release|Any CPU
		{5DF776E2-51A8-4C1C-B258-17CB5FF79134}.Release|iPhoneSimulator.Build.0 = Release|Any CPU
	EndGlobalSection
	GlobalSection(MonoDevelopProperties) = preSolution
		StartupItem = Demo\Demo.csproj
	EndGlobalSection
EndGlobal
